
Microsoft Visual Studio Solution File, Format Version 12.00
# Visual Studio 15
VisualStudioVersion = 15.0.28307.438
MinimumVisualStudioVersion = 10.0.40219.1
Project("{FAE04EC0-301F-11D3-BF4B-00C04F79EFBC}") = "Unike.Android", "Unike\Unike.Android\Unike.Android.csproj", "{B7AD0577-3D8E-4D76-970C-F03AFE77AB3C}"
EndProject
Project("{FAE04EC0-301F-11D3-BF4B-00C04F79EFBC}") = "Unike.iOS", "Unike\Unike.iOS\Unike.iOS.csproj", "{5941CE2C-7927-499A-81B9-C221F3ACAC45}"
EndProject
Project("{FAE04EC0-301F-11D3-BF4B-00C04F79EFBC}") = "Unike", "Unike\Unike\Unike.csproj", "{5BF42A8F-AA51-443D-9156-6B6E8728994C}"
EndProject
Global
	GlobalSection(SolutionConfigurationPlatforms) = preSolution
		Ad-Hoc|Any CPU = Ad-Hoc|Any CPU
		Ad-Hoc|iPhone = Ad-Hoc|iPhone
		Ad-Hoc|iPhoneSimulator = Ad-Hoc|iPhoneSimulator
		AppStore|Any CPU = AppStore|Any CPU
		AppStore|iPhone = AppStore|iPhone
		AppStore|iPhoneSimulator = AppStore|iPhoneSimulator
		Debug|Any CPU = Debug|Any CPU
		Debug|iPhone = Debug|iPhone
		Debug|iPhoneSimulator = Debug|iPhoneSimulator
		Release|Any CPU = Release|Any CPU
		Release|iPhone = Release|iPhone
		Release|iPhoneSimulator = Release|iPhoneSimulator
	EndGlobalSection
	GlobalSection(ProjectConfigurationPlatforms) = postSolution
		{B7AD0577-3D8E-4D76-970C-F03AFE77AB3C}.Ad-Hoc|Any CPU.ActiveCfg = Release|Any CPU
		{B7AD0577-3D8E-4D76-970C-F03AFE77AB3C}.Ad-Hoc|Any CPU.Build.0 = Release|Any CPU
		{B7AD0577-3D8E-4D76-970C-F03AFE77AB3C}.Ad-Hoc|Any CPU.Deploy.0 = Release|Any CPU
		{B7AD0577-3D8E-4D76-970C-F03AFE77AB3C}.Ad-Hoc|iPhone.ActiveCfg = Release|Any CPU
		{B7AD0577-3D8E-4D76-970C-F03AFE77AB3C}.Ad-Hoc|iPhone.Build.0 = Release|Any CPU
		{B7AD0577-3D8E-4D76-970C-F03AFE77AB3C}.Ad-Hoc|iPhone.Deploy.0 = Release|Any CPU
		{B7AD0577-3D8E-4D76-970C-F03AFE77AB3C}.Ad-Hoc|iPhoneSimulator.ActiveCfg = Release|Any CPU
		{B7AD0577-3D8E-4D76-970C-F03AFE77AB3C}.Ad-Hoc|iPhoneSimulator.Build.0 = Release|Any CPU
		{B7AD0577-3D8E-4D76-970C-F03AFE77AB3C}.Ad-Hoc|iPhoneSimulator.Deploy.0 = Release|Any CPU
		{B7AD0577-3D8E-4D76-970C-F03AFE77AB3C}.AppStore|Any CPU.ActiveCfg = Release|Any CPU
		{B7AD0577-3D8E-4D76-970C-F03AFE77AB3C}.AppStore|Any CPU.Build.0 = Release|Any CPU
		{B7AD0577-3D8E-4D76-970C-F03AFE77AB3C}.AppStore|Any CPU.Deploy.0 = Release|Any CPU
		{B7AD0577-3D8E-4D76-970C-F03AFE77AB3C}.AppStore|iPhone.ActiveCfg = Release|Any CPU
		{B7AD0577-3D8E-4D76-970C-F03AFE77AB3C}.AppStore|iPhone.Build.0 = Release|Any CPU
		{B7AD0577-3D8E-4D76-970C-F03AFE77AB3C}.AppStore|iPhone.Deploy.0 = Release|Any CPU
		{B7AD0577-3D8E-4D76-970C-F03AFE77AB3C}.AppStore|iPhoneSimulator.ActiveCfg = Release|Any CPU
		{B7AD0577-3D8E-4D76-970C-F03AFE77AB3C}.AppStore|iPhoneSimulator.Build.0 = Release|Any CPU
		{B7AD0577-3D8E-4D76-970C-F03AFE77AB3C}.AppStore|iPhoneSimulator.Deploy.0 = Release|Any CPU
		{B7AD0577-3D8E-4D76-970C-F03AFE77AB3C}.Debug|Any CPU.ActiveCfg = Debug|Any CPU
		{B7AD0577-3D8E-4D76-970C-F03AFE77AB3C}.Debug|Any CPU.Build.0 = Debug|Any CPU
		{B7AD0577-3D8E-4D76-970C-F03AFE77AB3C}.Debug|Any CPU.Deploy.0 = Debug|Any CPU
		{B7AD0577-3D8E-4D76-970C-F03AFE77AB3C}.Debug|iPhone.ActiveCfg = Debug|Any CPU
		{B7AD0577-3D8E-4D76-970C-F03AFE77AB3C}.Debug|iPhone.Build.0 = Debug|Any CPU
		{B7AD0577-3D8E-4D76-970C-F03AFE77AB3C}.Debug|iPhone.Deploy.0 = Debug|Any CPU
		{B7AD0577-3D8E-4D76-970C-F03AFE77AB3C}.Debug|iPhoneSimulator.ActiveCfg = Debug|Any CPU
		{B7AD0577-3D8E-4D76-970C-F03AFE77AB3C}.Debug|iPhoneSimulator.Build.0 = Debug|Any CPU
		{B7AD0577-3D8E-4D76-970C-F03AFE77AB3C}.Debug|iPhoneSimulator.Deploy.0 = Debug|Any CPU
		{B7AD0577-3D8E-4D76-970C-F03AFE77AB3C}.Release|Any CPU.ActiveCfg = Release|Any CPU
		{B7AD0577-3D8E-4D76-970C-F03AFE77AB3C}.Release|Any CPU.Build.0 = Release|Any CPU
		{B7AD0577-3D8E-4D76-970C-F03AFE77AB3C}.Release|Any CPU.Deploy.0 = Release|Any CPU
		{B7AD0577-3D8E-4D76-970C-F03AFE77AB3C}.Release|iPhone.ActiveCfg = Release|Any CPU
		{B7AD0577-3D8E-4D76-970C-F03AFE77AB3C}.Release|iPhone.Build.0 = Release|Any CPU
		{B7AD0577-3D8E-4D76-970C-F03AFE77AB3C}.Release|iPhone.Deploy.0 = Release|Any CPU
		{B7AD0577-3D8E-4D76-970C-F03AFE77AB3C}.Release|iPhoneSimulator.ActiveCfg = Release|Any CPU
		{B7AD0577-3D8E-4D76-970C-F03AFE77AB3C}.Release|iPhoneSimulator.Build.0 = Release|Any CPU
		{B7AD0577-3D8E-4D76-970C-F03AFE77AB3C}.Release|iPhoneSimulator.Deploy.0 = Release|Any CPU
		{5941CE2C-7927-499A-81B9-C221F3ACAC45}.Ad-Hoc|Any CPU.ActiveCfg = Ad-Hoc|iPhone
		{5941CE2C-7927-499A-81B9-C221F3ACAC45}.Ad-Hoc|Any CPU.Build.0 = Ad-Hoc|iPhone
		{5941CE2C-7927-499A-81B9-C221F3ACAC45}.Ad-Hoc|Any CPU.Deploy.0 = Ad-Hoc|iPhone
		{5941CE2C-7927-499A-81B9-C221F3ACAC45}.Ad-Hoc|iPhone.ActiveCfg = Ad-Hoc|iPhone
		{5941CE2C-7927-499A-81B9-C221F3ACAC45}.Ad-Hoc|iPhone.Build.0 = Ad-Hoc|iPhone
		{5941CE2C-7927-499A-81B9-C221F3ACAC45}.Ad-Hoc|iPhone.Deploy.0 = Ad-Hoc|iPhone
		{5941CE2C-7927-499A-81B9-C221F3ACAC45}.Ad-Hoc|iPhoneSimulator.ActiveCfg = Ad-Hoc|iPhoneSimulator
		{5941CE2C-7927-499A-81B9-C221F3ACAC45}.Ad-Hoc|iPhoneSimulator.Build.0 = Ad-Hoc|iPhoneSimulator
		{5941CE2C-7927-499A-81B9-C221F3ACAC45}.Ad-Hoc|iPhoneSimulator.Deploy.0 = Ad-Hoc|iPhoneSimulator
		{5941CE2C-7927-499A-81B9-C221F3ACAC45}.AppStore|Any CPU.ActiveCfg = AppStore|iPhone
		{5941CE2C-7927-499A-81B9-C221F3ACAC45}.AppStore|Any CPU.Build.0 = AppStore|iPhone
		{5941CE2C-7927-499A-81B9-C221F3ACAC45}.AppStore|Any CPU.Deploy.0 = AppStore|iPhone
		{5941CE2C-7927-499A-81B9-C221F3ACAC45}.AppStore|iPhone.ActiveCfg = AppStore|iPhone
		{5941CE2C-7927-499A-81B9-C221F3ACAC45}.AppStore|iPhone.Build.0 = AppStore|iPhone
		{5941CE2C-7927-499A-81B9-C221F3ACAC45}.AppStore|iPhone.Deploy.0 = AppStore|iPhone
		{5941CE2C-7927-499A-81B9-C221F3ACAC45}.AppStore|iPhoneSimulator.ActiveCfg = AppStore|iPhoneSimulator
		{5941CE2C-7927-499A-81B9-C221F3ACAC45}.AppStore|iPhoneSimulator.Build.0 = AppStore|iPhoneSimulator
		{5941CE2C-7927-499A-81B9-C221F3ACAC45}.AppStore|iPhoneSimulator.Deploy.0 = AppStore|iPhoneSimulator
		{5941CE2C-7927-499A-81B9-C221F3ACAC45}.Debug|Any CPU.ActiveCfg = Debug|iPhoneSimulator
		{5941CE2C-7927-499A-81B9-C221F3ACAC45}.Debug|Any CPU.Build.0 = Debug|iPhoneSimulator
		{5941CE2C-7927-499A-81B9-C221F3ACAC45}.Debug|Any CPU.Deploy.0 = Debug|iPhoneSimulator
		{5941CE2C-7927-499A-81B9-C221F3ACAC45}.Debug|iPhone.ActiveCfg = Debug|iPhone
		{5941CE2C-7927-499A-81B9-C221F3ACAC45}.Debug|iPhone.Build.0 = Debug|iPhone
		{5941CE2C-7927-499A-81B9-C221F3ACAC45}.Debug|iPhone.Deploy.0 = Debug|iPhone
		{5941CE2C-7927-499A-81B9-C221F3ACAC45}.Debug|iPhoneSimulator.ActiveCfg = Debug|iPhoneSimulator
		{5941CE2C-7927-499A-81B9-C221F3ACAC45}.Debug|iPhoneSimulator.Build.0 = Debug|iPhoneSimulator
		{5941CE2C-7927-499A-81B9-C221F3ACAC45}.Debug|iPhoneSimulator.Deploy.0 = Debug|iPhoneSimulator
		{5941CE2C-7927-499A-81B9-C221F3ACAC45}.Release|Any CPU.ActiveCfg = Release|iPhone
		{5941CE2C-7927-499A-81B9-C221F3ACAC45}.Release|Any CPU.Build.0 = Release|iPhone
		{5941CE2C-7927-499A-81B9-C221F3ACAC45}.Release|Any CPU.Deploy.0 = Release|iPhone
		{5941CE2C-7927-499A-81B9-C221F3ACAC45}.Release|iPhone.ActiveCfg = Release|iPhone
		{5941CE2C-7927-499A-81B9-C221F3ACAC45}.Release|iPhone.Build.0 = Release|iPhone
		{5941CE2C-7927-499A-81B9-C221F3ACAC45}.Release|iPhone.Deploy.0 = Release|iPhone
		{5941CE2C-7927-499A-81B9-C221F3ACAC45}.Release|iPhoneSimulator.ActiveCfg = Release|iPhoneSimulator
		{5941CE2C-7927-499A-81B9-C221F3ACAC45}.Release|iPhoneSimulator.Build.0 = Release|iPhoneSimulator
		{5941CE2C-7927-499A-81B9-C221F3ACAC45}.Release|iPhoneSimulator.Deploy.0 = Release|iPhoneSimulator
		{5BF42A8F-AA51-443D-9156-6B6E8728994C}.Ad-Hoc|Any CPU.ActiveCfg = Debug|Any CPU
		{5BF42A8F-AA51-443D-9156-6B6E8728994C}.Ad-Hoc|Any CPU.Build.0 = Debug|Any CPU
		{5BF42A8F-AA51-443D-9156-6B6E8728994C}.Ad-Hoc|Any CPU.Deploy.0 = Debug|Any CPU
		{5BF42A8F-AA51-443D-9156-6B6E8728994C}.Ad-Hoc|iPhone.ActiveCfg = Debug|Any CPU
		{5BF42A8F-AA51-443D-9156-6B6E8728994C}.Ad-Hoc|iPhone.Build.0 = Debug|Any CPU
		{5BF42A8F-AA51-443D-9156-6B6E8728994C}.Ad-Hoc|iPhone.Deploy.0 = Debug|Any CPU
		{5BF42A8F-AA51-443D-9156-6B6E8728994C}.Ad-Hoc|iPhoneSimulator.ActiveCfg = Debug|Any CPU
		{5BF42A8F-AA51-443D-9156-6B6E8728994C}.Ad-Hoc|iPhoneSimulator.Build.0 = Debug|Any CPU
		{5BF42A8F-AA51-443D-9156-6B6E8728994C}.Ad-Hoc|iPhoneSimulator.Deploy.0 = Debug|Any CPU
		{5BF42A8F-AA51-443D-9156-6B6E8728994C}.AppStore|Any CPU.ActiveCfg = Debug|Any CPU
		{5BF42A8F-AA51-443D-9156-6B6E8728994C}.AppStore|Any CPU.Build.0 = Debug|Any CPU
		{5BF42A8F-AA51-443D-9156-6B6E8728994C}.AppStore|Any CPU.Deploy.0 = Debug|Any CPU
		{5BF42A8F-AA51-443D-9156-6B6E8728994C}.AppStore|iPhone.ActiveCfg = Debug|Any CPU
		{5BF42A8F-AA51-443D-9156-6B6E8728994C}.AppStore|iPhone.Build.0 = Debug|Any CPU
		{5BF42A8F-AA51-443D-9156-6B6E8728994C}.AppStore|iPhone.Deploy.0 = Debug|Any CPU
		{5BF42A8F-AA51-443D-9156-6B6E8728994C}.AppStore|iPhoneSimulator.ActiveCfg = Debug|Any CPU
		{5BF42A8F-AA51-443D-9156-6B6E8728994C}.AppStore|iPhoneSimulator.Build.0 = Debug|Any CPU
		{5BF42A8F-AA51-443D-9156-6B6E8728994C}.AppStore|iPhoneSimulator.Deploy.0 = Debug|Any CPU
		{5BF42A8F-AA51-443D-9156-6B6E8728994C}.Debug|Any CPU.ActiveCfg = Debug|Any CPU
		{5BF42A8F-AA51-443D-9156-6B6E8728994C}.Debug|Any CPU.Build.0 = Debug|Any CPU
		{5BF42A8F-AA51-443D-9156-6B6E8728994C}.Debug|Any CPU.Deploy.0 = Debug|Any CPU
		{5BF42A8F-AA51-443D-9156-6B6E8728994C}.Debug|iPhone.ActiveCfg = Debug|Any CPU
		{5BF42A8F-AA51-443D-9156-6B6E8728994C}.Debug|iPhone.Build.0 = Debug|Any CPU
		{5BF42A8F-AA51-443D-9156-6B6E8728994C}.Debug|iPhone.Deploy.0 = Debug|Any CPU
		{5BF42A8F-AA51-443D-9156-6B6E8728994C}.Debug|iPhoneSimulator.ActiveCfg = Debug|Any CPU
		{5BF42A8F-AA51-443D-9156-6B6E8728994C}.Debug|iPhoneSimulator.Build.0 = Debug|Any CPU
		{5BF42A8F-AA51-443D-9156-6B6E8728994C}.Debug|iPhoneSimulator.Deploy.0 = Debug|Any CPU
		{5BF42A8F-AA51-443D-9156-6B6E8728994C}.Release|Any CPU.ActiveCfg = Release|Any CPU
		{5BF42A8F-AA51-443D-9156-6B6E8728994C}.Release|Any CPU.Build.0 = Release|Any CPU
		{5BF42A8F-AA51-443D-9156-6B6E8728994C}.Release|Any CPU.Deploy.0 = Release|Any CPU
		{5BF42A8F-AA51-443D-9156-6B6E8728994C}.Release|iPhone.ActiveCfg = Release|Any CPU
		{5BF42A8F-AA51-443D-9156-6B6E8728994C}.Release|iPhone.Build.0 = Release|Any CPU
		{5BF42A8F-AA51-443D-9156-6B6E8728994C}.Release|iPhone.Deploy.0 = Release|Any CPU
		{5BF42A8F-AA51-443D-9156-6B6E8728994C}.Release|iPhoneSimulator.ActiveCfg = Release|Any CPU
		{5BF42A8F-AA51-443D-9156-6B6E8728994C}.Release|iPhoneSimulator.Build.0 = Release|Any CPU
		{5BF42A8F-AA51-443D-9156-6B6E8728994C}.Release|iPhoneSimulator.Deploy.0 = Release|Any CPU
	EndGlobalSection
	GlobalSection(SolutionProperties) = preSolution
		HideSolutionNode = FALSE
	EndGlobalSection
	GlobalSection(ExtensibilityGlobals) = postSolution
		SolutionGuid = {D7C6DCF2-52FE-49E5-846B-E02F2B9D3B31}
	EndGlobalSection
EndGlobal
